<?xml version="1.0" encoding="utf-8"?>
<Project ToolsVersion="4.0" xmlns="http://schemas.microsoft.com/developer/msbuild/2003">
  <ItemGroup>
    <Filter Include="Исходные файлы">
      <UniqueIdentifier>{4FC737F1-C7A5-4376-A066-2A32D752A2FF}</UniqueIdentifier>
      <Extensions>cpp;c;cc;cxx;c++;cppm;ixx;def;odl;idl;hpj;bat;asm;asmx</Extensions>
    </Filter>
    <Filter Include="Файлы заголовков">
      <UniqueIdentifier>{93995380-89BD-4b04-88EB-625FBE52EBFB}</UniqueIdentifier>
      <Extensions>h;hh;hpp;hxx;h++;hm;inl;inc;ipp;xsd</Extensions>
    </Filter>
    <Filter Include="Файлы ресурсов">
      <UniqueIdentifier>{67DA6AB6-F800-4c08-8B7A-83BB121AAD01}</UniqueIdentifier>
      <Extensions>rc;ico;cur;bmp;dlg;rc2;rct;bin;rgs;gif;jpg;jpeg;jpe;resx;tiff;tif;png;wav;mfcribbon-ms</Extensions>
    </Filter>
    <Filter Include="Исходные файлы\Rational">
      <UniqueIdentifier>{94578fb8-92a0-47f4-a15e-356eabd6d78c}</UniqueIdentifier>
    </Filter>
    <Filter Include="Исходные файлы\Quadratic_equation">
      <UniqueIdentifier>{391a99e4-c872-47ff-957c-ca67af4ec27c}</UniqueIdentifier>
    </Filter>
    <Filter Include="Исходные файлы\Round">
      <UniqueIdentifier>{f51c1e02-bf53-462f-b05c-f0972e7fda0a}</UniqueIdentifier>
    </Filter>
    <Filter Include="Исходные файлы\Sqrt">
      <UniqueIdentifier>{ee00b377-3c1c-4d16-9d4a-c42cc5354d1e}</UniqueIdentifier>
    </Filter>
  </ItemGroup>
  <ItemGroup>
    <ClCompile Include="main.cpp">
      <Filter>Исходные файлы</Filter>
    </ClCompile>
    <ClCompile Include="Rational\Rational.cpp">
      <Filter>Исходные файлы\Rational</Filter>
    </ClCompile>
    <ClCompile Include="Quadratic_equation\quadratic_equation.cpp">
      <Filter>Исходные файлы\Quadratic_equation</Filter>
    </ClCompile>
    <ClCompile Include="Round\Round.cpp">
      <Filter>Исходные файлы\Round</Filter>
    </ClCompile>
    <ClCompile Include="Sqrt\sqrt.cpp">
      <Filter>Исходные файлы\Sqrt</Filter>
    </ClCompile>
  </ItemGroup>
  <ItemGroup>
    <ClInclude Include="Rational\Rational.h">
      <Filter>Исходные файлы\Rational</Filter>
    </ClInclude>
    <ClInclude Include="Quadratic_equation\quadratic_equation.h">
      <Filter>Исходные файлы\Quadratic_equation</Filter>
    </ClInclude>
    <ClInclude Include="Round\Round.h">
      <Filter>Исходные файлы\Round</Filter>
    </ClInclude>
    <ClInclude Include="Sqrt\sqrt.h">
      <Filter>Исходные файлы\Sqrt</Filter>
    </ClInclude>
  </ItemGroup>
</Project>